// !$*UTF8*$!
{
	archiveVersion = 1;
	classes = {
	};
	objectVersion = 46;
	objects = {

/* Begin PBXBuildFile section */
		492CC71D19D2B021001829F5 /* PredictionCentroid.h in Headers */ = {isa = PBXBuildFile; fileRef = 492CC71919D2B021001829F5 /* PredictionCentroid.h */; };
		492CC71E19D2B021001829F5 /* PredictionCentroid.m in Sources */ = {isa = PBXBuildFile; fileRef = 492CC71A19D2B021001829F5 /* PredictionCentroid.m */; };
		492CC71F19D2B021001829F5 /* PredictiveCluster.h in Headers */ = {isa = PBXBuildFile; fileRef = 492CC71B19D2B021001829F5 /* PredictiveCluster.h */; };
		492CC72019D2B021001829F5 /* PredictiveCluster.m in Sources */ = {isa = PBXBuildFile; fileRef = 492CC71C19D2B021001829F5 /* PredictiveCluster.m */; };
		492CC72219D2B081001829F5 /* ML4iOSClusterPredictionTests.m in Sources */ = {isa = PBXBuildFile; fileRef = 492CC72119D2B081001829F5 /* ML4iOSClusterPredictionTests.m */; };
		492CC72419D2B240001829F5 /* testCluster.json in Resources */ = {isa = PBXBuildFile; fileRef = 492CC72319D2B240001829F5 /* testCluster.json */; };
		494CAECC1BE90BA70028D95B /* iris.ensemble in Resources */ = {isa = PBXBuildFile; fileRef = 494CAECB1BE90BA70028D95B /* iris.ensemble */; settings = {ASSET_TAGS = (); }; };
		494CAECF1BE90CF10028D95B /* ML4iOSEnsemblePredictionTests.m in Sources */ = {isa = PBXBuildFile; fileRef = 494CAECE1BE90CF10028D95B /* ML4iOSEnsemblePredictionTests.m */; settings = {ASSET_TAGS = (); }; };
		494CAED21BE90EAA0028D95B /* ML4iOSTester.m in Sources */ = {isa = PBXBuildFile; fileRef = 494CAED11BE90EAA0028D95B /* ML4iOSTester.m */; settings = {ASSET_TAGS = (); }; };
		494CAED41BEB67BB0028D95B /* PredicatesTests.m in Sources */ = {isa = PBXBuildFile; fileRef = 494CAED31BEB67BB0028D95B /* PredicatesTests.m */; settings = {ASSET_TAGS = (); }; };
		494CAED71BECBE010028D95B /* TreePrediction.h in Headers */ = {isa = PBXBuildFile; fileRef = 494CAED51BECBE010028D95B /* TreePrediction.h */; settings = {ASSET_TAGS = (); }; };
		494CAED81BECBE010028D95B /* TreePrediction.m in Sources */ = {isa = PBXBuildFile; fileRef = 494CAED61BECBE010028D95B /* TreePrediction.m */; settings = {ASSET_TAGS = (); }; };
		494CAEDB1BECC7F50028D95B /* ML4iOSUtils.h in Headers */ = {isa = PBXBuildFile; fileRef = 494CAED91BECC7F50028D95B /* ML4iOSUtils.h */; settings = {ASSET_TAGS = (); }; };
		494CAEDC1BECC7F50028D95B /* ML4iOSUtils.m in Sources */ = {isa = PBXBuildFile; fileRef = 494CAEDA1BECC7F50028D95B /* ML4iOSUtils.m */; settings = {ASSET_TAGS = (); }; };
		494CAEE81BF0CDE20028D95B /* FieldResource.h in Headers */ = {isa = PBXBuildFile; fileRef = 494CAEE61BF0CDE20028D95B /* FieldResource.h */; settings = {ASSET_TAGS = (); }; };
		494CAEE91BF0CDE20028D95B /* FieldResource.m in Sources */ = {isa = PBXBuildFile; fileRef = 494CAEE71BF0CDE20028D95B /* FieldResource.m */; settings = {ASSET_TAGS = (); }; };
		494CAEEC1BF499990028D95B /* ML4iOSModelPredictionTests.m in Sources */ = {isa = PBXBuildFile; fileRef = 494CAEEB1BF499990028D95B /* ML4iOSModelPredictionTests.m */; settings = {ASSET_TAGS = (); }; };
		494CAEEE1BF4A1D40028D95B /* ML4iOSAPITests.m in Sources */ = {isa = PBXBuildFile; fileRef = 494CAEED1BF4A1D40028D95B /* ML4iOSAPITests.m */; settings = {ASSET_TAGS = (); }; };
		494CAEF01BF4A3FC0028D95B /* ML4iOSTestCase.m in Sources */ = {isa = PBXBuildFile; fileRef = 494CAEEF1BF4A3FC0028D95B /* ML4iOSTestCase.m */; settings = {ASSET_TAGS = (); }; };
		494CAEF51BF4C40A0028D95B /* spam.tsv in Resources */ = {isa = PBXBuildFile; fileRef = 494CAEF21BF4C40A0028D95B /* spam.tsv */; settings = {ASSET_TAGS = (); }; };
		494CAEF61BF4C40A0028D95B /* diab.csv in Resources */ = {isa = PBXBuildFile; fileRef = 494CAEF31BF4C40A0028D95B /* diab.csv */; settings = {ASSET_TAGS = (); }; };
		494CAEF71BF4C40A0028D95B /* wines.csv in Resources */ = {isa = PBXBuildFile; fileRef = 494CAEF41BF4C40A0028D95B /* wines.csv */; settings = {ASSET_TAGS = (); }; };
		494CAEFB1BF5E8E80028D95B /* ML4iOSEnums.h in Headers */ = {isa = PBXBuildFile; fileRef = 494CAEF91BF5E8E80028D95B /* ML4iOSEnums.h */; settings = {ASSET_TAGS = (); }; };
		494CAEFC1BF5E8E80028D95B /* ML4iOSLocalPredictions.h in Headers */ = {isa = PBXBuildFile; fileRef = 494CAEFA1BF5E8E80028D95B /* ML4iOSLocalPredictions.h */; settings = {ASSET_TAGS = (); }; };
		49559423192A6693006F4D9E /* Constants.h in Headers */ = {isa = PBXBuildFile; fileRef = 49559422192A6693006F4D9E /* Constants.h */; };
		4962DC6C19DDA5DE00058FF6 /* spam.model in Resources */ = {isa = PBXBuildFile; fileRef = 4962DC6B19DDA5DE00058FF6 /* spam.model */; };
		4962DC6E19DDA73B00058FF6 /* iris.model in Resources */ = {isa = PBXBuildFile; fileRef = 4962DC6D19DDA73B00058FF6 /* iris.model */; };
		4979639C1BE27D2100154E4E /* PredictiveEnsemble.h in Headers */ = {isa = PBXBuildFile; fileRef = 4979639A1BE27D2100154E4E /* PredictiveEnsemble.h */; };
		4979639D1BE27D2100154E4E /* PredictiveEnsemble.m in Sources */ = {isa = PBXBuildFile; fileRef = 4979639B1BE27D2100154E4E /* PredictiveEnsemble.m */; };
		497963A01BE3759D00154E4E /* MultiModel.h in Headers */ = {isa = PBXBuildFile; fileRef = 4979639E1BE3759D00154E4E /* MultiModel.h */; };
		497963A11BE3759D00154E4E /* MultiModel.m in Sources */ = {isa = PBXBuildFile; fileRef = 4979639F1BE3759D00154E4E /* MultiModel.m */; };
		497963A41BE375DC00154E4E /* MultiVote.h in Headers */ = {isa = PBXBuildFile; fileRef = 497963A21BE375DC00154E4E /* MultiVote.h */; };
		497963A51BE375DC00154E4E /* MultiVote.m in Sources */ = {isa = PBXBuildFile; fileRef = 497963A31BE375DC00154E4E /* MultiVote.m */; };
		497963A91BE389A700154E4E /* ML4iOSLocalPredictions.m in Sources */ = {isa = PBXBuildFile; fileRef = 497963A71BE389A700154E4E /* ML4iOSLocalPredictions.m */; };
		49C6CD7D19E6E6B200891301 /* spam.cluster in Resources */ = {isa = PBXBuildFile; fileRef = 49C6CD7C19E6E6B200891301 /* spam.cluster */; };
		49C6CD8519E7F07100891301 /* spam-text.cluster in Resources */ = {isa = PBXBuildFile; fileRef = 49C6CD8419E7F07100891301 /* spam-text.cluster */; };
		DC3AE94C1570D0AF008D2F79 /* Foundation.framework in Frameworks */ = {isa = PBXBuildFile; fileRef = DC3AE94B1570D0AF008D2F79 /* Foundation.framework */; };
		DC3AE9521570D0B0008D2F79 /* ML4iOS.m in Sources */ = {isa = PBXBuildFile; fileRef = DC3AE9511570D0B0008D2F79 /* ML4iOS.m */; };
		DC3AE95C1570D0B0008D2F79 /* UIKit.framework in Frameworks */ = {isa = PBXBuildFile; fileRef = DC3AE95B1570D0B0008D2F79 /* UIKit.framework */; };
		DC3AE95D1570D0B0008D2F79 /* Foundation.framework in Frameworks */ = {isa = PBXBuildFile; fileRef = DC3AE94B1570D0AF008D2F79 /* Foundation.framework */; };
		DC3AE9601570D0B0008D2F79 /* libML4iOS.a in Frameworks */ = {isa = PBXBuildFile; fileRef = DC3AE9481570D0AF008D2F79 /* libML4iOS.a */; };
		DC3AE9771570D293008D2F79 /* ML4iOS.h in Headers */ = {isa = PBXBuildFile; fileRef = DC3AE9741570D293008D2F79 /* ML4iOS.h */; settings = {ATTRIBUTES = (Public, ); }; };
		DC3AE9781570D293008D2F79 /* ML4iOSDelegate.h in Headers */ = {isa = PBXBuildFile; fileRef = DC3AE9751570D293008D2F79 /* ML4iOSDelegate.h */; settings = {ATTRIBUTES = (Public, ); }; };
		DC3AE97C1570D331008D2F79 /* HTTPCommsManager.h in Headers */ = {isa = PBXBuildFile; fileRef = DC3AE97A1570D331008D2F79 /* HTTPCommsManager.h */; };
		DC3AE97D1570D331008D2F79 /* HTTPCommsManager.m in Sources */ = {isa = PBXBuildFile; fileRef = DC3AE97B1570D331008D2F79 /* HTTPCommsManager.m */; };
		DCA20AE21723E93E0019E738 /* Predicates.h in Headers */ = {isa = PBXBuildFile; fileRef = DCA20AE01723E93E0019E738 /* Predicates.h */; };
		DCA20AE31723E93E0019E738 /* Predicates.m in Sources */ = {isa = PBXBuildFile; fileRef = DCA20AE11723E93E0019E738 /* Predicates.m */; };
		DCD306BD1723602400CC9364 /* iris.csv in Resources */ = {isa = PBXBuildFile; fileRef = DCD306BC1723602400CC9364 /* iris.csv */; };
		DCD306C01723715100CC9364 /* PredictiveModel.h in Headers */ = {isa = PBXBuildFile; fileRef = DCD306BE1723715100CC9364 /* PredictiveModel.h */; };
		DCD306C11723715100CC9364 /* PredictiveModel.m in Sources */ = {isa = PBXBuildFile; fileRef = DCD306BF1723715100CC9364 /* PredictiveModel.m */; };
		DCD306C4172380A700CC9364 /* PredictionTree.h in Headers */ = {isa = PBXBuildFile; fileRef = DCD306C2172380A700CC9364 /* PredictionTree.h */; };
		DCD306C5172380A700CC9364 /* PredictionTree.m in Sources */ = {isa = PBXBuildFile; fileRef = DCD306C3172380A700CC9364 /* PredictionTree.m */; };
/* End PBXBuildFile section */

/* Begin PBXContainerItemProxy section */
		DC3AE95E1570D0B0008D2F79 /* PBXContainerItemProxy */ = {
			isa = PBXContainerItemProxy;
			containerPortal = DC3AE93F1570D0AF008D2F79 /* Project object */;
			proxyType = 1;
			remoteGlobalIDString = DC3AE9471570D0AF008D2F79;
			remoteInfo = ML4iOS;
		};
/* End PBXContainerItemProxy section */

/* Begin PBXFileReference section */
		4910F5F51BF9E62C0087E85A /* Credentials.h */ = {isa = PBXFileReference; lastKnownFileType = sourcecode.c.h; name = Credentials.h; path = ML4iOSTests/Credentials.h; sourceTree = SOURCE_ROOT; };
		492CC71919D2B021001829F5 /* PredictionCentroid.h */ = {isa = PBXFileReference; fileEncoding = 4; lastKnownFileType = sourcecode.c.h; path = PredictionCentroid.h; sourceTree = "<group>"; };
		492CC71A19D2B021001829F5 /* PredictionCentroid.m */ = {isa = PBXFileReference; fileEncoding = 4; lastKnownFileType = sourcecode.c.objc; path = PredictionCentroid.m; sourceTree = "<group>"; };
		492CC71B19D2B021001829F5 /* PredictiveCluster.h */ = {isa = PBXFileReference; fileEncoding = 4; lastKnownFileType = sourcecode.c.h; path = PredictiveCluster.h; sourceTree = "<group>"; };
		492CC71C19D2B021001829F5 /* PredictiveCluster.m */ = {isa = PBXFileReference; fileEncoding = 4; lastKnownFileType = sourcecode.c.objc; path = PredictiveCluster.m; sourceTree = "<group>"; };
		492CC72119D2B081001829F5 /* ML4iOSClusterPredictionTests.m */ = {isa = PBXFileReference; fileEncoding = 4; lastKnownFileType = sourcecode.c.objc; path = ML4iOSClusterPredictionTests.m; sourceTree = "<group>"; };
		492CC72319D2B240001829F5 /* testCluster.json */ = {isa = PBXFileReference; fileEncoding = 4; lastKnownFileType = text.json; path = testCluster.json; sourceTree = "<group>"; };
		494CAECB1BE90BA70028D95B /* iris.ensemble */ = {isa = PBXFileReference; fileEncoding = 4; lastKnownFileType = text; path = iris.ensemble; sourceTree = "<group>"; };
		494CAECE1BE90CF10028D95B /* ML4iOSEnsemblePredictionTests.m */ = {isa = PBXFileReference; fileEncoding = 4; lastKnownFileType = sourcecode.c.objc; path = ML4iOSEnsemblePredictionTests.m; sourceTree = "<group>"; };
		494CAED01BE90EAA0028D95B /* ML4iOSTester.h */ = {isa = PBXFileReference; fileEncoding = 4; lastKnownFileType = sourcecode.c.h; path = ML4iOSTester.h; sourceTree = "<group>"; };
		494CAED11BE90EAA0028D95B /* ML4iOSTester.m */ = {isa = PBXFileReference; fileEncoding = 4; lastKnownFileType = sourcecode.c.objc; path = ML4iOSTester.m; sourceTree = "<group>"; };
		494CAED31BEB67BB0028D95B /* PredicatesTests.m */ = {isa = PBXFileReference; fileEncoding = 4; lastKnownFileType = sourcecode.c.objc; path = PredicatesTests.m; sourceTree = "<group>"; };
		494CAED51BECBE010028D95B /* TreePrediction.h */ = {isa = PBXFileReference; fileEncoding = 4; lastKnownFileType = sourcecode.c.h; path = TreePrediction.h; sourceTree = "<group>"; };
		494CAED61BECBE010028D95B /* TreePrediction.m */ = {isa = PBXFileReference; fileEncoding = 4; lastKnownFileType = sourcecode.c.objc; path = TreePrediction.m; sourceTree = "<group>"; };
		494CAED91BECC7F50028D95B /* ML4iOSUtils.h */ = {isa = PBXFileReference; fileEncoding = 4; lastKnownFileType = sourcecode.c.h; path = ML4iOSUtils.h; sourceTree = "<group>"; };
		494CAEDA1BECC7F50028D95B /* ML4iOSUtils.m */ = {isa = PBXFileReference; fileEncoding = 4; lastKnownFileType = sourcecode.c.objc; path = ML4iOSUtils.m; sourceTree = "<group>"; };
		494CAEE61BF0CDE20028D95B /* FieldResource.h */ = {isa = PBXFileReference; fileEncoding = 4; lastKnownFileType = sourcecode.c.h; path = FieldResource.h; sourceTree = "<group>"; };
		494CAEE71BF0CDE20028D95B /* FieldResource.m */ = {isa = PBXFileReference; fileEncoding = 4; lastKnownFileType = sourcecode.c.objc; path = FieldResource.m; sourceTree = "<group>"; };
		494CAEEB1BF499990028D95B /* ML4iOSModelPredictionTests.m */ = {isa = PBXFileReference; fileEncoding = 4; lastKnownFileType = sourcecode.c.objc; path = ML4iOSModelPredictionTests.m; sourceTree = "<group>"; };
		494CAEED1BF4A1D40028D95B /* ML4iOSAPITests.m */ = {isa = PBXFileReference; fileEncoding = 4; lastKnownFileType = sourcecode.c.objc; path = ML4iOSAPITests.m; sourceTree = "<group>"; };
		494CAEEF1BF4A3FC0028D95B /* ML4iOSTestCase.m */ = {isa = PBXFileReference; fileEncoding = 4; lastKnownFileType = sourcecode.c.objc; path = ML4iOSTestCase.m; sourceTree = "<group>"; };
		494CAEF11BF4A4330028D95B /* ML4iOSTestCase.h */ = {isa = PBXFileReference; lastKnownFileType = sourcecode.c.h; path = ML4iOSTestCase.h; sourceTree = "<group>"; };
		494CAEF21BF4C40A0028D95B /* spam.tsv */ = {isa = PBXFileReference; fileEncoding = 4; lastKnownFileType = text; path = spam.tsv; sourceTree = "<group>"; };
		494CAEF31BF4C40A0028D95B /* diab.csv */ = {isa = PBXFileReference; fileEncoding = 4; lastKnownFileType = text; path = diab.csv; sourceTree = "<group>"; };
		494CAEF41BF4C40A0028D95B /* wines.csv */ = {isa = PBXFileReference; fileEncoding = 4; lastKnownFileType = text; path = wines.csv; sourceTree = "<group>"; };
		494CAEF91BF5E8E80028D95B /* ML4iOSEnums.h */ = {isa = PBXFileReference; fileEncoding = 4; lastKnownFileType = sourcecode.c.h; path = ML4iOSEnums.h; sourceTree = "<group>"; };
		494CAEFA1BF5E8E80028D95B /* ML4iOSLocalPredictions.h */ = {isa = PBXFileReference; fileEncoding = 4; lastKnownFileType = sourcecode.c.h; path = ML4iOSLocalPredictions.h; sourceTree = "<group>"; };
		49559422192A6693006F4D9E /* Constants.h */ = {isa = PBXFileReference; fileEncoding = 4; lastKnownFileType = sourcecode.c.h; path = Constants.h; sourceTree = "<group>"; };
		4962DC6B19DDA5DE00058FF6 /* spam.model */ = {isa = PBXFileReference; fileEncoding = 4; lastKnownFileType = text; path = spam.model; sourceTree = "<group>"; };
		4962DC6D19DDA73B00058FF6 /* iris.model */ = {isa = PBXFileReference; fileEncoding = 4; lastKnownFileType = text; path = iris.model; sourceTree = "<group>"; };
		4979639A1BE27D2100154E4E /* PredictiveEnsemble.h */ = {isa = PBXFileReference; fileEncoding = 4; lastKnownFileType = sourcecode.c.h; path = PredictiveEnsemble.h; sourceTree = "<group>"; };
		4979639B1BE27D2100154E4E /* PredictiveEnsemble.m */ = {isa = PBXFileReference; fileEncoding = 4; lastKnownFileType = sourcecode.c.objc; path = PredictiveEnsemble.m; sourceTree = "<group>"; };
		4979639E1BE3759D00154E4E /* MultiModel.h */ = {isa = PBXFileReference; fileEncoding = 4; lastKnownFileType = sourcecode.c.h; path = MultiModel.h; sourceTree = "<group>"; };
		4979639F1BE3759D00154E4E /* MultiModel.m */ = {isa = PBXFileReference; fileEncoding = 4; lastKnownFileType = sourcecode.c.objc; path = MultiModel.m; sourceTree = "<group>"; };
		497963A21BE375DC00154E4E /* MultiVote.h */ = {isa = PBXFileReference; fileEncoding = 4; lastKnownFileType = sourcecode.c.h; path = MultiVote.h; sourceTree = "<group>"; };
		497963A31BE375DC00154E4E /* MultiVote.m */ = {isa = PBXFileReference; fileEncoding = 4; lastKnownFileType = sourcecode.c.objc; path = MultiVote.m; sourceTree = "<group>"; };
		497963A71BE389A700154E4E /* ML4iOSLocalPredictions.m */ = {isa = PBXFileReference; fileEncoding = 4; lastKnownFileType = sourcecode.c.objc; path = ML4iOSLocalPredictions.m; sourceTree = "<group>"; };
		49C6CD7C19E6E6B200891301 /* spam.cluster */ = {isa = PBXFileReference; fileEncoding = 4; lastKnownFileType = text; path = spam.cluster; sourceTree = "<group>"; };
		49C6CD8419E7F07100891301 /* spam-text.cluster */ = {isa = PBXFileReference; fileEncoding = 4; lastKnownFileType = text; path = "spam-text.cluster"; sourceTree = "<group>"; };
		DC3AE9481570D0AF008D2F79 /* libML4iOS.a */ = {isa = PBXFileReference; explicitFileType = archive.ar; includeInIndex = 0; path = libML4iOS.a; sourceTree = BUILT_PRODUCTS_DIR; };
		DC3AE94B1570D0AF008D2F79 /* Foundation.framework */ = {isa = PBXFileReference; lastKnownFileType = wrapper.framework; name = Foundation.framework; path = System/Library/Frameworks/Foundation.framework; sourceTree = SDKROOT; };
		DC3AE94F1570D0B0008D2F79 /* ML4iOS-Prefix.pch */ = {isa = PBXFileReference; lastKnownFileType = sourcecode.c.h; path = "ML4iOS-Prefix.pch"; sourceTree = "<group>"; };
		DC3AE9511570D0B0008D2F79 /* ML4iOS.m */ = {isa = PBXFileReference; lastKnownFileType = sourcecode.c.objc; path = ML4iOS.m; sourceTree = "<group>"; };
		DC3AE9581570D0B0008D2F79 /* ML4iOSTests.xctest */ = {isa = PBXFileReference; explicitFileType = wrapper.cfbundle; includeInIndex = 0; path = ML4iOSTests.xctest; sourceTree = BUILT_PRODUCTS_DIR; };
		DC3AE95B1570D0B0008D2F79 /* UIKit.framework */ = {isa = PBXFileReference; lastKnownFileType = wrapper.framework; name = UIKit.framework; path = Library/Frameworks/UIKit.framework; sourceTree = DEVELOPER_DIR; };
		DC3AE9631570D0B0008D2F79 /* ML4iOSTests-Info.plist */ = {isa = PBXFileReference; lastKnownFileType = text.plist.xml; path = "ML4iOSTests-Info.plist"; sourceTree = "<group>"; };
		DC3AE9741570D293008D2F79 /* ML4iOS.h */ = {isa = PBXFileReference; fileEncoding = 4; lastKnownFileType = sourcecode.c.h; path = ML4iOS.h; sourceTree = "<group>"; };
		DC3AE9751570D293008D2F79 /* ML4iOSDelegate.h */ = {isa = PBXFileReference; fileEncoding = 4; lastKnownFileType = sourcecode.c.h; path = ML4iOSDelegate.h; sourceTree = "<group>"; };
		DC3AE97A1570D331008D2F79 /* HTTPCommsManager.h */ = {isa = PBXFileReference; fileEncoding = 4; lastKnownFileType = sourcecode.c.h; path = HTTPCommsManager.h; sourceTree = "<group>"; };
		DC3AE97B1570D331008D2F79 /* HTTPCommsManager.m */ = {isa = PBXFileReference; fileEncoding = 4; lastKnownFileType = sourcecode.c.objc; path = HTTPCommsManager.m; sourceTree = "<group>"; };
		DCA20AE01723E93E0019E738 /* Predicates.h */ = {isa = PBXFileReference; fileEncoding = 4; lastKnownFileType = sourcecode.c.h; path = Predicates.h; sourceTree = "<group>"; };
		DCA20AE11723E93E0019E738 /* Predicates.m */ = {isa = PBXFileReference; fileEncoding = 4; lastKnownFileType = sourcecode.c.objc; path = Predicates.m; sourceTree = "<group>"; };
		DCD306BC1723602400CC9364 /* iris.csv */ = {isa = PBXFileReference; fileEncoding = 4; lastKnownFileType = text; path = iris.csv; sourceTree = "<group>"; };
		DCD306BE1723715100CC9364 /* PredictiveModel.h */ = {isa = PBXFileReference; fileEncoding = 4; lastKnownFileType = sourcecode.c.h; path = PredictiveModel.h; sourceTree = "<group>"; };
		DCD306BF1723715100CC9364 /* PredictiveModel.m */ = {isa = PBXFileReference; fileEncoding = 4; lastKnownFileType = sourcecode.c.objc; path = PredictiveModel.m; sourceTree = "<group>"; };
		DCD306C2172380A700CC9364 /* PredictionTree.h */ = {isa = PBXFileReference; fileEncoding = 4; lastKnownFileType = sourcecode.c.h; path = PredictionTree.h; sourceTree = "<group>"; };
		DCD306C3172380A700CC9364 /* PredictionTree.m */ = {isa = PBXFileReference; fileEncoding = 4; lastKnownFileType = sourcecode.c.objc; path = PredictionTree.m; sourceTree = "<group>"; };
/* End PBXFileReference section */

/* Begin PBXFrameworksBuildPhase section */
		DC3AE9451570D0AF008D2F79 /* Frameworks */ = {
			isa = PBXFrameworksBuildPhase;
			buildActionMask = 2147483647;
			files = (
				DC3AE94C1570D0AF008D2F79 /* Foundation.framework in Frameworks */,
			);
			runOnlyForDeploymentPostprocessing = 0;
		};
		DC3AE9541570D0B0008D2F79 /* Frameworks */ = {
			isa = PBXFrameworksBuildPhase;
			buildActionMask = 2147483647;
			files = (
				DC3AE95C1570D0B0008D2F79 /* UIKit.framework in Frameworks */,
				DC3AE95D1570D0B0008D2F79 /* Foundation.framework in Frameworks */,
				DC3AE9601570D0B0008D2F79 /* libML4iOS.a in Frameworks */,
			);
			runOnlyForDeploymentPostprocessing = 0;
		};
/* End PBXFrameworksBuildPhase section */

/* Begin PBXGroup section */
		494CAEF81BF5E8550028D95B /* private */ = {
			isa = PBXGroup;
			children = (
				DC3AE97A1570D331008D2F79 /* HTTPCommsManager.h */,
				DC3AE97B1570D331008D2F79 /* HTTPCommsManager.m */,
				DCA20AE41723E94B0019E738 /* LocalProcessing */,
			);
			name = private;
			sourceTree = "<group>";
		};
		DC3AE93D1570D0AF008D2F79 = {
			isa = PBXGroup;
			children = (
				DC3AE94D1570D0B0008D2F79 /* ML4iOS */,
				DC3AE9611570D0B0008D2F79 /* ML4iOSTests */,
				DC3AE94A1570D0AF008D2F79 /* Frameworks */,
				DC3AE9491570D0AF008D2F79 /* Products */,
			);
			sourceTree = "<group>";
		};
		DC3AE9491570D0AF008D2F79 /* Products */ = {
			isa = PBXGroup;
			children = (
				DC3AE9481570D0AF008D2F79 /* libML4iOS.a */,
				DC3AE9581570D0B0008D2F79 /* ML4iOSTests.xctest */,
			);
			name = Products;
			sourceTree = "<group>";
		};
		DC3AE94A1570D0AF008D2F79 /* Frameworks */ = {
			isa = PBXGroup;
			children = (
				DC3AE94B1570D0AF008D2F79 /* Foundation.framework */,
				DC3AE95B1570D0B0008D2F79 /* UIKit.framework */,
			);
			name = Frameworks;
			sourceTree = "<group>";
		};
		DC3AE94D1570D0B0008D2F79 /* ML4iOS */ = {
			isa = PBXGroup;
			children = (
				494CAEF81BF5E8550028D95B /* private */,
				DC3AE9731570D293008D2F79 /* include */,
				497963A71BE389A700154E4E /* ML4iOSLocalPredictions.m */,
				DC3AE9511570D0B0008D2F79 /* ML4iOS.m */,
				DC3AE94E1570D0B0008D2F79 /* Supporting Files */,
			);
			path = ML4iOS;
			sourceTree = "<group>";
		};
		DC3AE94E1570D0B0008D2F79 /* Supporting Files */ = {
			isa = PBXGroup;
			children = (
				DC3AE94F1570D0B0008D2F79 /* ML4iOS-Prefix.pch */,
			);
			name = "Supporting Files";
			sourceTree = "<group>";
		};
		DC3AE9611570D0B0008D2F79 /* ML4iOSTests */ = {
			isa = PBXGroup;
			children = (
				DC3AE99C1570DD90008D2F79 /* data */,
				494CAEEF1BF4A3FC0028D95B /* ML4iOSTestCase.m */,
				494CAEF11BF4A4330028D95B /* ML4iOSTestCase.h */,
				494CAED01BE90EAA0028D95B /* ML4iOSTester.h */,
				494CAED11BE90EAA0028D95B /* ML4iOSTester.m */,
				494CAEED1BF4A1D40028D95B /* ML4iOSAPITests.m */,
				494CAED31BEB67BB0028D95B /* PredicatesTests.m */,
				494CAEEB1BF499990028D95B /* ML4iOSModelPredictionTests.m */,
				492CC72119D2B081001829F5 /* ML4iOSClusterPredictionTests.m */,
				494CAECE1BE90CF10028D95B /* ML4iOSEnsemblePredictionTests.m */,
				DC3AE9621570D0B0008D2F79 /* Supporting Files */,
			);
			path = ML4iOSTests;
			sourceTree = "<group>";
		};
		DC3AE9621570D0B0008D2F79 /* Supporting Files */ = {
			isa = PBXGroup;
			children = (
				DC3AE9631570D0B0008D2F79 /* ML4iOSTests-Info.plist */,
			);
			name = "Supporting Files";
			sourceTree = "<group>";
		};
		DC3AE9731570D293008D2F79 /* include */ = {
			isa = PBXGroup;
			children = (
				DC3AE9741570D293008D2F79 /* ML4iOS.h */,
				494CAEF91BF5E8E80028D95B /* ML4iOSEnums.h */,
				494CAEFA1BF5E8E80028D95B /* ML4iOSLocalPredictions.h */,
				DC3AE9751570D293008D2F79 /* ML4iOSDelegate.h */,
				49559422192A6693006F4D9E /* Constants.h */,
				4910F5F51BF9E62C0087E85A /* Credentials.h */,
			);
			path = include;
			sourceTree = "<group>";
		};
		DC3AE99C1570DD90008D2F79 /* data */ = {
			isa = PBXGroup;
			children = (
				492CC72319D2B240001829F5 /* testCluster.json */,
				DCD306BC1723602400CC9364 /* iris.csv */,
				494CAEF21BF4C40A0028D95B /* spam.tsv */,
				494CAEF31BF4C40A0028D95B /* diab.csv */,
				494CAEF41BF4C40A0028D95B /* wines.csv */,
				4962DC6B19DDA5DE00058FF6 /* spam.model */,
				4962DC6D19DDA73B00058FF6 /* iris.model */,
				49C6CD7C19E6E6B200891301 /* spam.cluster */,
				49C6CD8419E7F07100891301 /* spam-text.cluster */,
				494CAECB1BE90BA70028D95B /* iris.ensemble */,
			);
			path = data;
			sourceTree = "<group>";
		};
		DCA20AE41723E94B0019E738 /* LocalProcessing */ = {
			isa = PBXGroup;
			children = (
				492CC71919D2B021001829F5 /* PredictionCentroid.h */,
				492CC71A19D2B021001829F5 /* PredictionCentroid.m */,
				492CC71B19D2B021001829F5 /* PredictiveCluster.h */,
				492CC71C19D2B021001829F5 /* PredictiveCluster.m */,
				DCD306BE1723715100CC9364 /* PredictiveModel.h */,
				DCD306BF1723715100CC9364 /* PredictiveModel.m */,
				DCD306C2172380A700CC9364 /* PredictionTree.h */,
				DCD306C3172380A700CC9364 /* PredictionTree.m */,
				DCA20AE01723E93E0019E738 /* Predicates.h */,
				DCA20AE11723E93E0019E738 /* Predicates.m */,
				4979639A1BE27D2100154E4E /* PredictiveEnsemble.h */,
				4979639B1BE27D2100154E4E /* PredictiveEnsemble.m */,
				4979639E1BE3759D00154E4E /* MultiModel.h */,
				4979639F1BE3759D00154E4E /* MultiModel.m */,
				497963A21BE375DC00154E4E /* MultiVote.h */,
				497963A31BE375DC00154E4E /* MultiVote.m */,
				494CAED51BECBE010028D95B /* TreePrediction.h */,
				494CAED61BECBE010028D95B /* TreePrediction.m */,
				494CAED91BECC7F50028D95B /* ML4iOSUtils.h */,
				494CAEDA1BECC7F50028D95B /* ML4iOSUtils.m */,
				494CAEE61BF0CDE20028D95B /* FieldResource.h */,
				494CAEE71BF0CDE20028D95B /* FieldResource.m */,
			);
			name = LocalProcessing;
			sourceTree = "<group>";
		};
/* End PBXGroup section */

/* Begin PBXHeadersBuildPhase section */
		DC3AE9461570D0AF008D2F79 /* Headers */ = {
			isa = PBXHeadersBuildPhase;
			buildActionMask = 2147483647;
			files = (
				494CAEE81BF0CDE20028D95B /* FieldResource.h in Headers */,
				497963A01BE3759D00154E4E /* MultiModel.h in Headers */,
				DC3AE9771570D293008D2F79 /* ML4iOS.h in Headers */,
				494CAEFB1BF5E8E80028D95B /* ML4iOSEnums.h in Headers */,
				DC3AE9781570D293008D2F79 /* ML4iOSDelegate.h in Headers */,
				494CAEFC1BF5E8E80028D95B /* ML4iOSLocalPredictions.h in Headers */,
				DC3AE97C1570D331008D2F79 /* HTTPCommsManager.h in Headers */,
				492CC71D19D2B021001829F5 /* PredictionCentroid.h in Headers */,
				DCD306C01723715100CC9364 /* PredictiveModel.h in Headers */,
				DCD306C4172380A700CC9364 /* PredictionTree.h in Headers */,
				DCA20AE21723E93E0019E738 /* Predicates.h in Headers */,
				49559423192A6693006F4D9E /* Constants.h in Headers */,
				4979639C1BE27D2100154E4E /* PredictiveEnsemble.h in Headers */,
				494CAED71BECBE010028D95B /* TreePrediction.h in Headers */,
				497963A41BE375DC00154E4E /* MultiVote.h in Headers */,
				492CC71F19D2B021001829F5 /* PredictiveCluster.h in Headers */,
				494CAEDB1BECC7F50028D95B /* ML4iOSUtils.h in Headers */,
			);
			runOnlyForDeploymentPostprocessing = 0;
		};
/* End PBXHeadersBuildPhase section */

/* Begin PBXNativeTarget section */
		DC3AE9471570D0AF008D2F79 /* ML4iOS */ = {
			isa = PBXNativeTarget;
			buildConfigurationList = DC3AE96C1570D0B0008D2F79 /* Build configuration list for PBXNativeTarget "ML4iOS" */;
			buildPhases = (
				DC3AE9441570D0AF008D2F79 /* Sources */,
				DC3AE9451570D0AF008D2F79 /* Frameworks */,
				DC3AE9461570D0AF008D2F79 /* Headers */,
			);
			buildRules = (
			);
			dependencies = (
			);
			name = ML4iOS;
			productName = ML4iOS;
			productReference = DC3AE9481570D0AF008D2F79 /* libML4iOS.a */;
			productType = "com.apple.product-type.library.static";
		};
		DC3AE9571570D0B0008D2F79 /* ML4iOSTests */ = {
			isa = PBXNativeTarget;
			buildConfigurationList = DC3AE96F1570D0B0008D2F79 /* Build configuration list for PBXNativeTarget "ML4iOSTests" */;
			buildPhases = (
				DC3AE9531570D0B0008D2F79 /* Sources */,
				DC3AE9541570D0B0008D2F79 /* Frameworks */,
				DC3AE9551570D0B0008D2F79 /* Resources */,
			);
			buildRules = (
			);
			dependencies = (
				DC3AE95F1570D0B0008D2F79 /* PBXTargetDependency */,
			);
			name = ML4iOSTests;
			productName = ML4iOSTests;
			productReference = DC3AE9581570D0B0008D2F79 /* ML4iOSTests.xctest */;
			productType = "com.apple.product-type.bundle.unit-test";
		};
/* End PBXNativeTarget section */

/* Begin PBXProject section */
		DC3AE93F1570D0AF008D2F79 /* Project object */ = {
			isa = PBXProject;
			attributes = {
				LastTestingUpgradeCheck = 0510;
				LastUpgradeCheck = 0700;
				ORGANIZATIONNAME = "";
			};
			buildConfigurationList = DC3AE9421570D0AF008D2F79 /* Build configuration list for PBXProject "ML4iOS" */;
			compatibilityVersion = "Xcode 3.2";
			developmentRegion = English;
			hasScannedForEncodings = 0;
			knownRegions = (
				en,
			);
			mainGroup = DC3AE93D1570D0AF008D2F79;
			productRefGroup = DC3AE9491570D0AF008D2F79 /* Products */;
			projectDirPath = "";
			projectRoot = "";
			targets = (
				DC3AE9471570D0AF008D2F79 /* ML4iOS */,
				DC3AE9571570D0B0008D2F79 /* ML4iOSTests */,
			);
		};
/* End PBXProject section */

/* Begin PBXResourcesBuildPhase section */
		DC3AE9551570D0B0008D2F79 /* Resources */ = {
			isa = PBXResourcesBuildPhase;
			buildActionMask = 2147483647;
			files = (
				492CC72419D2B240001829F5 /* testCluster.json in Resources */,
				DCD306BD1723602400CC9364 /* iris.csv in Resources */,
				494CAECC1BE90BA70028D95B /* iris.ensemble in Resources */,
				494CAEF51BF4C40A0028D95B /* spam.tsv in Resources */,
				49C6CD7D19E6E6B200891301 /* spam.cluster in Resources */,
				494CAEF71BF4C40A0028D95B /* wines.csv in Resources */,
				49C6CD8519E7F07100891301 /* spam-text.cluster in Resources */,
				4962DC6C19DDA5DE00058FF6 /* spam.model in Resources */,
				4962DC6E19DDA73B00058FF6 /* iris.model in Resources */,
				494CAEF61BF4C40A0028D95B /* diab.csv in Resources */,
			);
			runOnlyForDeploymentPostprocessing = 0;
		};
/* End PBXResourcesBuildPhase section */

/* Begin PBXSourcesBuildPhase section */
		DC3AE9441570D0AF008D2F79 /* Sources */ = {
			isa = PBXSourcesBuildPhase;
			buildActionMask = 2147483647;
			files = (
				497963A11BE3759D00154E4E /* MultiModel.m in Sources */,
				DC3AE9521570D0B0008D2F79 /* ML4iOS.m in Sources */,
				4979639D1BE27D2100154E4E /* PredictiveEnsemble.m in Sources */,
				497963A51BE375DC00154E4E /* MultiVote.m in Sources */,
				494CAED81BECBE010028D95B /* TreePrediction.m in Sources */,
				492CC72019D2B021001829F5 /* PredictiveCluster.m in Sources */,
				494CAEDC1BECC7F50028D95B /* ML4iOSUtils.m in Sources */,
				497963A91BE389A700154E4E /* ML4iOSLocalPredictions.m in Sources */,
				DC3AE97D1570D331008D2F79 /* HTTPCommsManager.m in Sources */,
				492CC71E19D2B021001829F5 /* PredictionCentroid.m in Sources */,
				DCD306C11723715100CC9364 /* PredictiveModel.m in Sources */,
				DCD306C5172380A700CC9364 /* PredictionTree.m in Sources */,
				494CAEE91BF0CDE20028D95B /* FieldResource.m in Sources */,
				DCA20AE31723E93E0019E738 /* Predicates.m in Sources */,
			);
			runOnlyForDeploymentPostprocessing = 0;
		};
		DC3AE9531570D0B0008D2F79 /* Sources */ = {
			isa = PBXSourcesBuildPhase;
			buildActionMask = 2147483647;
			files = (
				494CAEEE1BF4A1D40028D95B /* ML4iOSAPITests.m in Sources */,
				494CAED21BE90EAA0028D95B /* ML4iOSTester.m in Sources */,
				494CAECF1BE90CF10028D95B /* ML4iOSEnsemblePredictionTests.m in Sources */,
				494CAEF01BF4A3FC0028D95B /* ML4iOSTestCase.m in Sources */,
				494CAEEC1BF499990028D95B /* ML4iOSModelPredictionTests.m in Sources */,
				492CC72219D2B081001829F5 /* ML4iOSClusterPredictionTests.m in Sources */,
				494CAED41BEB67BB0028D95B /* PredicatesTests.m in Sources */,
			);
			runOnlyForDeploymentPostprocessing = 0;
		};
/* End PBXSourcesBuildPhase section */

/* Begin PBXTargetDependency section */
		DC3AE95F1570D0B0008D2F79 /* PBXTargetDependency */ = {
			isa = PBXTargetDependency;
			target = DC3AE9471570D0AF008D2F79 /* ML4iOS */;
			targetProxy = DC3AE95E1570D0B0008D2F79 /* PBXContainerItemProxy */;
		};
/* End PBXTargetDependency section */

/* Begin XCBuildConfiguration section */
		DC3AE96A1570D0B0008D2F79 /* Debug */ = {
			isa = XCBuildConfiguration;
			buildSettings = {
				ALWAYS_SEARCH_USER_PATHS = NO;
				CLANG_WARN_BOOL_CONVERSION = YES;
				CLANG_WARN_CONSTANT_CONVERSION = YES;
				CLANG_WARN_EMPTY_BODY = YES;
				CLANG_WARN_ENUM_CONVERSION = YES;
				CLANG_WARN_INT_CONVERSION = YES;
				CLANG_WARN_UNREACHABLE_CODE = YES;
				CLANG_WARN__DUPLICATE_METHOD_MATCH = YES;
				COPY_PHASE_STRIP = NO;
				ENABLE_STRICT_OBJC_MSGSEND = YES;
				ENABLE_TESTABILITY = YES;
				GCC_C_LANGUAGE_STANDARD = gnu99;
				GCC_DYNAMIC_NO_PIC = NO;
				GCC_NO_COMMON_BLOCKS = YES;
				GCC_OPTIMIZATION_LEVEL = 0;
				GCC_PREPROCESSOR_DEFINITIONS = (
					"DEBUG=1",
					"$(inherited)",
				);
				GCC_SYMBOLS_PRIVATE_EXTERN = NO;
				GCC_VERSION = com.apple.compilers.llvm.clang.1_0;
				GCC_WARN_64_TO_32_BIT_CONVERSION = YES;
				GCC_WARN_ABOUT_RETURN_TYPE = YES;
				GCC_WARN_UNDECLARED_SELECTOR = YES;
				GCC_WARN_UNINITIALIZED_AUTOS = YES;
				GCC_WARN_UNUSED_FUNCTION = YES;
				GCC_WARN_UNUSED_VARIABLE = YES;
				IPHONEOS_DEPLOYMENT_TARGET = 5.0;
				ONLY_ACTIVE_ARCH = YES;
				SDKROOT = iphoneos;
			};
			name = Debug;
		};
		DC3AE96B1570D0B0008D2F79 /* Release */ = {
			isa = XCBuildConfiguration;
			buildSettings = {
				ALWAYS_SEARCH_USER_PATHS = NO;
				CLANG_WARN_BOOL_CONVERSION = YES;
				CLANG_WARN_CONSTANT_CONVERSION = YES;
				CLANG_WARN_EMPTY_BODY = YES;
				CLANG_WARN_ENUM_CONVERSION = YES;
				CLANG_WARN_INT_CONVERSION = YES;
				CLANG_WARN_UNREACHABLE_CODE = YES;
				CLANG_WARN__DUPLICATE_METHOD_MATCH = YES;
				COPY_PHASE_STRIP = YES;
				ENABLE_STRICT_OBJC_MSGSEND = YES;
				GCC_C_LANGUAGE_STANDARD = gnu99;
				GCC_NO_COMMON_BLOCKS = YES;
				GCC_VERSION = com.apple.compilers.llvm.clang.1_0;
				GCC_WARN_64_TO_32_BIT_CONVERSION = YES;
				GCC_WARN_ABOUT_RETURN_TYPE = YES;
				GCC_WARN_UNDECLARED_SELECTOR = YES;
				GCC_WARN_UNINITIALIZED_AUTOS = YES;
				GCC_WARN_UNUSED_FUNCTION = YES;
				GCC_WARN_UNUSED_VARIABLE = YES;
				IPHONEOS_DEPLOYMENT_TARGET = 5.0;
				SDKROOT = iphoneos;
				VALIDATE_PRODUCT = YES;
			};
			name = Release;
		};
		DC3AE96D1570D0B0008D2F79 /* Debug */ = {
			isa = XCBuildConfiguration;
			buildSettings = {
				CLANG_ENABLE_OBJC_ARC = YES;
				DSTROOT = /tmp/ML4iOS.dst;
				GCC_PRECOMPILE_PREFIX_HEADER = YES;
				GCC_PREFIX_HEADER = "ML4iOS/ML4iOS-Prefix.pch";
				IPHONEOS_DEPLOYMENT_TARGET = 5.0;
				OTHER_LDFLAGS = "-ObjC";
				PRODUCT_NAME = "$(TARGET_NAME)";
				PUBLIC_HEADERS_FOLDER_PATH = /include;
				SKIP_INSTALL = YES;
			};
			name = Debug;
		};
		DC3AE96E1570D0B0008D2F79 /* Release */ = {
			isa = XCBuildConfiguration;
			buildSettings = {
				CLANG_ENABLE_OBJC_ARC = YES;
				DSTROOT = /tmp/ML4iOS.dst;
				GCC_PRECOMPILE_PREFIX_HEADER = YES;
				GCC_PREFIX_HEADER = "ML4iOS/ML4iOS-Prefix.pch";
				IPHONEOS_DEPLOYMENT_TARGET = 5.0;
				OTHER_LDFLAGS = "-ObjC";
				PRODUCT_NAME = "$(TARGET_NAME)";
				PUBLIC_HEADERS_FOLDER_PATH = /include;
				SKIP_INSTALL = YES;
			};
			name = Release;
		};
		DC3AE9701570D0B0008D2F79 /* Debug */ = {
			isa = XCBuildConfiguration;
			buildSettings = {
				CLANG_ENABLE_OBJC_ARC = YES;
				ENABLE_STRICT_OBJC_MSGSEND = NO;
				FRAMEWORK_SEARCH_PATHS = (
					"$(SDKROOT)/Developer/Library/Frameworks",
					"$(inherited)",
				);
				GCC_PRECOMPILE_PREFIX_HEADER = YES;
				GCC_PREFIX_HEADER = "ML4iOS/ML4iOS-Prefix.pch";
				INFOPLIST_FILE = "ML4iOSTests/ML4iOSTests-Info.plist";
				IPHONEOS_DEPLOYMENT_TARGET = 5.1;
				PRODUCT_BUNDLE_IDENTIFIER = "com.fgarcialainez.${PRODUCT_NAME:rfc1034identifier}";
				PRODUCT_NAME = "$(TARGET_NAME)";
			};
			name = Debug;
		};
		DC3AE9711570D0B0008D2F79 /* Release */ = {
			isa = XCBuildConfiguration;
			buildSettings = {
				CLANG_ENABLE_OBJC_ARC = YES;
				ENABLE_STRICT_OBJC_MSGSEND = NO;
				FRAMEWORK_SEARCH_PATHS = (
					"$(SDKROOT)/Developer/Library/Frameworks",
					"$(inherited)",
				);
				GCC_PRECOMPILE_PREFIX_HEADER = YES;
				GCC_PREFIX_HEADER = "ML4iOS/ML4iOS-Prefix.pch";
				INFOPLIST_FILE = "ML4iOSTests/ML4iOSTests-Info.plist";
				IPHONEOS_DEPLOYMENT_TARGET = 5.1;
				PRODUCT_BUNDLE_IDENTIFIER = "com.fgarcialainez.${PRODUCT_NAME:rfc1034identifier}";
				PRODUCT_NAME = "$(TARGET_NAME)";
			};
			name = Release;
		};
/* End XCBuildConfiguration section */

/* Begin XCConfigurationList section */
		DC3AE9421570D0AF008D2F79 /* Build configuration list for PBXProject "ML4iOS" */ = {
			isa = XCConfigurationList;
			buildConfigurations = (
				DC3AE96A1570D0B0008D2F79 /* Debug */,
				DC3AE96B1570D0B0008D2F79 /* Release */,
			);
			defaultConfigurationIsVisible = 0;
			defaultConfigurationName = Release;
		};
		DC3AE96C1570D0B0008D2F79 /* Build configuration list for PBXNativeTarget "ML4iOS" */ = {
			isa = XCConfigurationList;
			buildConfigurations = (
				DC3AE96D1570D0B0008D2F79 /* Debug */,
				DC3AE96E1570D0B0008D2F79 /* Release */,
			);
			defaultConfigurationIsVisible = 0;
			defaultConfigurationName = Release;
		};
		DC3AE96F1570D0B0008D2F79 /* Build configuration list for PBXNativeTarget "ML4iOSTests" */ = {
			isa = XCConfigurationList;
			buildConfigurations = (
				DC3AE9701570D0B0008D2F79 /* Debug */,
				DC3AE9711570D0B0008D2F79 /* Release */,
			);
			defaultConfigurationIsVisible = 0;
			defaultConfigurationName = Release;
		};
/* End XCConfigurationList section */
	};
	rootObject = DC3AE93F1570D0AF008D2F79 /* Project object */;
}
